
Microsoft Visual Studio Solution File, Format Version 12.00
# Visual Studio Version 16
VisualStudioVersion = 16.0.31205.134
MinimumVisualStudioVersion = 10.0.40219.1
Project("{8BC9CEB8-8B4A-11D0-8D11-00A0C91BC942}") = "DemoCutter", "DemoCutter\DemoCutter.vcxproj", "{FDFDC619-74BB-4B83-B2F8-7FA73F8E1D2B}"
EndProject
Project("{8BC9CEB8-8B4A-11D0-8D11-00A0C91BC942}") = "DemoHighlightFinder", "DemoHighlightFinder\DemoHighlightFinder.vcxproj", "{ABB32A82-7A77-445B-9391-F721046B8987}"
EndProject
Project("{8BC9CEB8-8B4A-11D0-8D11-00A0C91BC942}") = "DemoDefragCombiner", "DemoDefragCombiner\DemoDefragCombiner.vcxproj", "{093B6C6C-31DD-4375-944E-6A639679CFCD}"
EndProject
Project("{2150E333-8FDC-42A3-9474-1A3956D46DE8}") = "Solution Items", "Solution Items", "{32F9EE72-944A-41ED-A2FE-17B7B86A5451}"
	ProjectSection(SolutionItems) = preProject
		TODO.txt = TODO.txt
	EndProjectSection
EndProject
Project("{8BC9CEB8-8B4A-11D0-8D11-00A0C91BC942}") = "DemoCombiner", "DemoCombiner\DemoCombiner.vcxproj", "{946D9336-341E-4835-AA4C-B247C53C5252}"
EndProject
Project("{8BC9CEB8-8B4A-11D0-8D11-00A0C91BC942}") = "DemoMerger", "DemoMerger\DemoMerger.vcxproj", "{5A886AB7-4483-49F6-816C-144585F9AEC4}"
EndProject
Global
	GlobalSection(SolutionConfigurationPlatforms) = preSolution
		Debug|x64 = Debug|x64
		Debug|x86 = Debug|x86
		Release|x64 = Release|x64
		Release|x86 = Release|x86
	EndGlobalSection
	GlobalSection(ProjectConfigurationPlatforms) = postSolution
		{FDFDC619-74BB-4B83-B2F8-7FA73F8E1D2B}.Debug|x64.ActiveCfg = Debug|x64
		{FDFDC619-74BB-4B83-B2F8-7FA73F8E1D2B}.Debug|x64.Build.0 = Debug|x64
		{FDFDC619-74BB-4B83-B2F8-7FA73F8E1D2B}.Debug|x86.ActiveCfg = Debug|Win32
		{FDFDC619-74BB-4B83-B2F8-7FA73F8E1D2B}.Debug|x86.Build.0 = Debug|Win32
		{FDFDC619-74BB-4B83-B2F8-7FA73F8E1D2B}.Release|x64.ActiveCfg = Release|x64
		{FDFDC619-74BB-4B83-B2F8-7FA73F8E1D2B}.Release|x64.Build.0 = Release|x64
		{FDFDC619-74BB-4B83-B2F8-7FA73F8E1D2B}.Release|x86.ActiveCfg = Release|Win32
		{FDFDC619-74BB-4B83-B2F8-7FA73F8E1D2B}.Release|x86.Build.0 = Release|Win32
		{ABB32A82-7A77-445B-9391-F721046B8987}.Debug|x64.ActiveCfg = Debug|x64
		{ABB32A82-7A77-445B-9391-F721046B8987}.Debug|x64.Build.0 = Debug|x64
		{ABB32A82-7A77-445B-9391-F721046B8987}.Debug|x86.ActiveCfg = Debug|Win32
		{ABB32A82-7A77-445B-9391-F721046B8987}.Debug|x86.Build.0 = Debug|Win32
		{ABB32A82-7A77-445B-9391-F721046B8987}.Release|x64.ActiveCfg = Release|x64
		{ABB32A82-7A77-445B-9391-F721046B8987}.Release|x64.Build.0 = Release|x64
		{ABB32A82-7A77-445B-9391-F721046B8987}.Release|x86.ActiveCfg = Release|Win32
		{ABB32A82-7A77-445B-9391-F721046B8987}.Release|x86.Build.0 = Release|Win32
		{093B6C6C-31DD-4375-944E-6A639679CFCD}.Debug|x64.ActiveCfg = Debug|x64
		{093B6C6C-31DD-4375-944E-6A639679CFCD}.Debug|x64.Build.0 = Debug|x64
		{093B6C6C-31DD-4375-944E-6A639679CFCD}.Debug|x86.ActiveCfg = Debug|Win32
		{093B6C6C-31DD-4375-944E-6A639679CFCD}.Debug|x86.Build.0 = Debug|Win32
		{093B6C6C-31DD-4375-944E-6A639679CFCD}.Release|x64.ActiveCfg = Release|x64
		{093B6C6C-31DD-4375-944E-6A639679CFCD}.Release|x64.Build.0 = Release|x64
		{093B6C6C-31DD-4375-944E-6A639679CFCD}.Release|x86.ActiveCfg = Release|Win32
		{093B6C6C-31DD-4375-944E-6A639679CFCD}.Release|x86.Build.0 = Release|Win32
		{946D9336-341E-4835-AA4C-B247C53C5252}.Debug|x64.ActiveCfg = Debug|x64
		{946D9336-341E-4835-AA4C-B247C53C5252}.Debug|x64.Build.0 = Debug|x64
		{946D9336-341E-4835-AA4C-B247C53C5252}.Debug|x86.ActiveCfg = Debug|Win32
		{946D9336-341E-4835-AA4C-B247C53C5252}.Debug|x86.Build.0 = Debug|Win32
		{946D9336-341E-4835-AA4C-B247C53C5252}.Release|x64.ActiveCfg = Release|x64
		{946D9336-341E-4835-AA4C-B247C53C5252}.Release|x64.Build.0 = Release|x64
		{946D9336-341E-4835-AA4C-B247C53C5252}.Release|x86.ActiveCfg = Release|Win32
		{946D9336-341E-4835-AA4C-B247C53C5252}.Release|x86.Build.0 = Release|Win32
		{5A886AB7-4483-49F6-816C-144585F9AEC4}.Debug|x64.ActiveCfg = Debug|x64
		{5A886AB7-4483-49F6-816C-144585F9AEC4}.Debug|x64.Build.0 = Debug|x64
		{5A886AB7-4483-49F6-816C-144585F9AEC4}.Debug|x86.ActiveCfg = Debug|Win32
		{5A886AB7-4483-49F6-816C-144585F9AEC4}.Debug|x86.Build.0 = Debug|Win32
		{5A886AB7-4483-49F6-816C-144585F9AEC4}.Release|x64.ActiveCfg = Release|x64
		{5A886AB7-4483-49F6-816C-144585F9AEC4}.Release|x64.Build.0 = Release|x64
		{5A886AB7-4483-49F6-816C-144585F9AEC4}.Release|x86.ActiveCfg = Release|Win32
		{5A886AB7-4483-49F6-816C-144585F9AEC4}.Release|x86.Build.0 = Release|Win32
	EndGlobalSection
	GlobalSection(SolutionProperties) = preSolution
		HideSolutionNode = FALSE
	EndGlobalSection
	GlobalSection(ExtensibilityGlobals) = postSolution
		SolutionGuid = {FCFDB0C6-D5B1-4A0C-873C-C11EC83146A4}
	EndGlobalSection
EndGlobal
