<?xml version="1.0" encoding="utf-8"?>
<Project ToolsVersion="4.0" xmlns="http://schemas.microsoft.com/developer/msbuild/2003">
  <ItemGroup>
    <ClCompile Include="..\DemoCutter\common.cpp">
      <Filter>Common</Filter>
    </ClCompile>
    <ClCompile Include="..\DemoCutter\files.cpp">
      <Filter>Common</Filter>
    </ClCompile>
    <ClCompile Include="..\DemoCutter\msg.cpp">
      <Filter>Common</Filter>
    </ClCompile>
    <ClCompile Include="..\DemoCutter\huffman.cpp">
      <Filter>Common</Filter>
    </ClCompile>
    <ClCompile Include="DemoCombine.cpp" />
    <ClCompile Include="..\shared\DemoReader.cpp">
      <Filter>Common</Filter>
    </ClCompile>
    <ClCompile Include="..\shared\DemoReaderLight.cpp">
      <Filter>Common</Filter>
    </ClCompile>
    <ClCompile Include="..\shared\animMappingTable.c">
      <Filter>Common</Filter>
    </ClCompile>
  </ItemGroup>
  <ItemGroup>
    <Filter Include="Header Files">
      <UniqueIdentifier>{648941f1-ec4f-4a9f-aea5-a26cb192d722}</UniqueIdentifier>
    </Filter>
    <Filter Include="Common">
      <UniqueIdentifier>{b00e22a2-6233-4e35-9f63-a0b232a33782}</UniqueIdentifier>
    </Filter>
  </ItemGroup>
  <ItemGroup>
    <ClInclude Include="..\DemoCutter\demoCut.h">
      <Filter>Header Files</Filter>
    </ClInclude>
    <ClInclude Include="..\shared\include\jpcre2.hpp">
      <Filter>Header Files</Filter>
    </ClInclude>
    <ClInclude Include="..\shared\include\pcre2.h">
      <Filter>Header Files</Filter>
    </ClInclude>
    <ClInclude Include="..\shared\DemoReader.h">
      <Filter>Header Files</Filter>
    </ClInclude>
    <ClInclude Include="..\shared\include\ini.h">
      <Filter>Header Files</Filter>
    </ClInclude>
    <ClInclude Include="..\DemoCutter\anims.h">
      <Filter>Header Files</Filter>
    </ClInclude>
    <ClInclude Include="..\DemoCutter\animsStanceMappings.h">
      <Filter>Header Files</Filter>
    </ClInclude>
    <ClInclude Include="..\shared\DemoReaderLight.h">
      <Filter>Header Files</Filter>
    </ClInclude>
    <ClInclude Include="..\DemoCutter\jkaStuff.h">
      <Filter>Header Files</Filter>
    </ClInclude>
  </ItemGroup>
</Project>