<?xml version="1.0" encoding="utf-8"?>
<Project ToolsVersion="4.0" xmlns="http://schemas.microsoft.com/developer/msbuild/2003">
  <ItemGroup>
    <ClCompile Include="..\DemoCutter\common.cpp">
      <Filter>Common</Filter>
    </ClCompile>
    <ClCompile Include="..\DemoCutter\files.cpp">
      <Filter>Common</Filter>
    </ClCompile>
    <ClCompile Include="..\DemoCutter\msg.cpp">
      <Filter>Common</Filter>
    </ClCompile>
    <ClCompile Include="..\DemoCutter\huffman.cpp">
      <Filter>Common</Filter>
    </ClCompile>
    <ClCompile Include="DemoCombine.cpp" />
    <ClCompile Include="..\shared\DemoReader.cpp">
      <Filter>Common</Filter>
    </ClCompile>
    <ClCompile Include="..\shared\DemoReaderLight.cpp">
      <Filter>Common</Filter>
    </ClCompile>
    <ClCompile Include="..\shared\animMappingTable.cpp">
      <Filter>Common</Filter>
    </ClCompile>
    <ClCompile Include="..\shared\zlib\adler32.c">
      <Filter>Common\zlib</Filter>
    </ClCompile>
    <ClCompile Include="..\shared\zlib\compress.c">
      <Filter>Common\zlib</Filter>
    </ClCompile>
    <ClCompile Include="..\shared\zlib\crc32.c">
      <Filter>Common\zlib</Filter>
    </ClCompile>
    <ClCompile Include="..\shared\zlib\deflate.c">
      <Filter>Common\zlib</Filter>
    </ClCompile>
    <ClCompile Include="..\shared\zlib\gzclose.c">
      <Filter>Common\zlib</Filter>
    </ClCompile>
    <ClCompile Include="..\shared\zlib\gzlib.c">
      <Filter>Common\zlib</Filter>
    </ClCompile>
    <ClCompile Include="..\shared\zlib\gzread.c">
      <Filter>Common\zlib</Filter>
    </ClCompile>
    <ClCompile Include="..\shared\zlib\gzwrite.c">
      <Filter>Common\zlib</Filter>
    </ClCompile>
    <ClCompile Include="..\shared\zlib\infback.c">
      <Filter>Common\zlib</Filter>
    </ClCompile>
    <ClCompile Include="..\shared\zlib\inffast.c">
      <Filter>Common\zlib</Filter>
    </ClCompile>
    <ClCompile Include="..\shared\zlib\inflate.c">
      <Filter>Common\zlib</Filter>
    </ClCompile>
    <ClCompile Include="..\shared\zlib\inftrees.c">
      <Filter>Common\zlib</Filter>
    </ClCompile>
    <ClCompile Include="..\shared\zlib\ioapi.c">
      <Filter>Common\zlib</Filter>
    </ClCompile>
    <ClCompile Include="..\shared\zlib\trees.c">
      <Filter>Common\zlib</Filter>
    </ClCompile>
    <ClCompile Include="..\shared\zlib\uncompr.c">
      <Filter>Common\zlib</Filter>
    </ClCompile>
    <ClCompile Include="..\shared\zlib\zutil.c">
      <Filter>Common\zlib</Filter>
    </ClCompile>
    <ClCompile Include="..\shared\lzmaSDK\7zAlloc.c">
      <Filter>Common\lzmaSDK</Filter>
    </ClCompile>
    <ClCompile Include="..\shared\lzmaSDK\7zArcIn.c">
      <Filter>Common\lzmaSDK</Filter>
    </ClCompile>
    <ClCompile Include="..\shared\lzmaSDK\7zBuf.c">
      <Filter>Common\lzmaSDK</Filter>
    </ClCompile>
    <ClCompile Include="..\shared\lzmaSDK\7zBuf2.c">
      <Filter>Common\lzmaSDK</Filter>
    </ClCompile>
    <ClCompile Include="..\shared\lzmaSDK\7zCrc.c">
      <Filter>Common\lzmaSDK</Filter>
    </ClCompile>
    <ClCompile Include="..\shared\lzmaSDK\7zCrcOpt.c">
      <Filter>Common\lzmaSDK</Filter>
    </ClCompile>
    <ClCompile Include="..\shared\lzmaSDK\7zDec.c">
      <Filter>Common\lzmaSDK</Filter>
    </ClCompile>
    <ClCompile Include="..\shared\lzmaSDK\7zFile.c">
      <Filter>Common\lzmaSDK</Filter>
    </ClCompile>
    <ClCompile Include="..\shared\lzmaSDK\7zStream.c">
      <Filter>Common\lzmaSDK</Filter>
    </ClCompile>
    <ClCompile Include="..\shared\lzmaSDK\Aes.c">
      <Filter>Common\lzmaSDK</Filter>
    </ClCompile>
    <ClCompile Include="..\shared\lzmaSDK\AesOpt.c">
      <Filter>Common\lzmaSDK</Filter>
    </ClCompile>
    <ClCompile Include="..\shared\lzmaSDK\Alloc.c">
      <Filter>Common\lzmaSDK</Filter>
    </ClCompile>
    <ClCompile Include="..\shared\lzmaSDK\Bcj2.c">
      <Filter>Common\lzmaSDK</Filter>
    </ClCompile>
    <ClCompile Include="..\shared\lzmaSDK\Bcj2Enc.c">
      <Filter>Common\lzmaSDK</Filter>
    </ClCompile>
    <ClCompile Include="..\shared\lzmaSDK\Bra.c">
      <Filter>Common\lzmaSDK</Filter>
    </ClCompile>
    <ClCompile Include="..\shared\lzmaSDK\Bra86.c">
      <Filter>Common\lzmaSDK</Filter>
    </ClCompile>
    <ClCompile Include="..\shared\lzmaSDK\BraIA64.c">
      <Filter>Common\lzmaSDK</Filter>
    </ClCompile>
    <ClCompile Include="..\shared\lzmaSDK\CpuArch.c">
      <Filter>Common\lzmaSDK</Filter>
    </ClCompile>
    <ClCompile Include="..\shared\lzmaSDK\Delta.c">
      <Filter>Common\lzmaSDK</Filter>
    </ClCompile>
    <ClCompile Include="..\shared\lzmaSDK\DllSecur.c">
      <Filter>Common\lzmaSDK</Filter>
    </ClCompile>
    <ClCompile Include="..\shared\lzmaSDK\LzFind.c">
      <Filter>Common\lzmaSDK</Filter>
    </ClCompile>
    <ClCompile Include="..\shared\lzmaSDK\LzFindMt.c">
      <Filter>Common\lzmaSDK</Filter>
    </ClCompile>
    <ClCompile Include="..\shared\lzmaSDK\LzFindOpt.c">
      <Filter>Common\lzmaSDK</Filter>
    </ClCompile>
    <ClCompile Include="..\shared\lzmaSDK\Lzma2Dec.c">
      <Filter>Common\lzmaSDK</Filter>
    </ClCompile>
    <ClCompile Include="..\shared\lzmaSDK\Lzma2DecMt.c">
      <Filter>Common\lzmaSDK</Filter>
    </ClCompile>
    <ClCompile Include="..\shared\lzmaSDK\Lzma2Enc.c">
      <Filter>Common\lzmaSDK</Filter>
    </ClCompile>
    <ClCompile Include="..\shared\lzmaSDK\Lzma86Dec.c">
      <Filter>Common\lzmaSDK</Filter>
    </ClCompile>
    <ClCompile Include="..\shared\lzmaSDK\Lzma86Enc.c">
      <Filter>Common\lzmaSDK</Filter>
    </ClCompile>
    <ClCompile Include="..\shared\lzmaSDK\LzmaDec.c">
      <Filter>Common\lzmaSDK</Filter>
    </ClCompile>
    <ClCompile Include="..\shared\lzmaSDK\LzmaEnc.c">
      <Filter>Common\lzmaSDK</Filter>
    </ClCompile>
    <ClCompile Include="..\shared\lzmaSDK\LzmaLib.c">
      <Filter>Common\lzmaSDK</Filter>
    </ClCompile>
    <ClCompile Include="..\shared\lzmaSDK\MtCoder.c">
      <Filter>Common\lzmaSDK</Filter>
    </ClCompile>
    <ClCompile Include="..\shared\lzmaSDK\MtDec.c">
      <Filter>Common\lzmaSDK</Filter>
    </ClCompile>
    <ClCompile Include="..\shared\lzmaSDK\Ppmd7.c">
      <Filter>Common\lzmaSDK</Filter>
    </ClCompile>
    <ClCompile Include="..\shared\lzmaSDK\Ppmd7Dec.c">
      <Filter>Common\lzmaSDK</Filter>
    </ClCompile>
    <ClCompile Include="..\shared\lzmaSDK\Ppmd7Enc.c">
      <Filter>Common\lzmaSDK</Filter>
    </ClCompile>
    <ClCompile Include="..\shared\lzmaSDK\Sha256.c">
      <Filter>Common\lzmaSDK</Filter>
    </ClCompile>
    <ClCompile Include="..\shared\lzmaSDK\Sha256Opt.c">
      <Filter>Common\lzmaSDK</Filter>
    </ClCompile>
    <ClCompile Include="..\shared\lzmaSDK\Sort.c">
      <Filter>Common\lzmaSDK</Filter>
    </ClCompile>
    <ClCompile Include="..\shared\lzmaSDK\Threads.c">
      <Filter>Common\lzmaSDK</Filter>
    </ClCompile>
    <ClCompile Include="..\shared\lzmaSDK\Xz.c">
      <Filter>Common\lzmaSDK</Filter>
    </ClCompile>
    <ClCompile Include="..\shared\lzmaSDK\XzCrc64.c">
      <Filter>Common\lzmaSDK</Filter>
    </ClCompile>
    <ClCompile Include="..\shared\lzmaSDK\XzCrc64Opt.c">
      <Filter>Common\lzmaSDK</Filter>
    </ClCompile>
    <ClCompile Include="..\shared\lzmaSDK\XzDec.c">
      <Filter>Common\lzmaSDK</Filter>
    </ClCompile>
    <ClCompile Include="..\shared\lzmaSDK\XzEnc.c">
      <Filter>Common\lzmaSDK</Filter>
    </ClCompile>
    <ClCompile Include="..\shared\lzmaSDK\XzIn.c">
      <Filter>Common\lzmaSDK</Filter>
    </ClCompile>
  </ItemGroup>
  <ItemGroup>
    <Filter Include="Header Files">
      <UniqueIdentifier>{648941f1-ec4f-4a9f-aea5-a26cb192d722}</UniqueIdentifier>
    </Filter>
    <Filter Include="Common">
      <UniqueIdentifier>{b00e22a2-6233-4e35-9f63-a0b232a33782}</UniqueIdentifier>
    </Filter>
    <Filter Include="Common\zlib">
      <UniqueIdentifier>{7f4dfdd9-a64a-4378-8f14-343109020a10}</UniqueIdentifier>
    </Filter>
    <Filter Include="Common\lzmaSDK">
      <UniqueIdentifier>{d0e543be-8562-4181-8e6b-d910e0a3e9bb}</UniqueIdentifier>
    </Filter>
  </ItemGroup>
  <ItemGroup>
    <ClInclude Include="..\DemoCutter\demoCut.h">
      <Filter>Header Files</Filter>
    </ClInclude>
    <ClInclude Include="..\shared\include\jpcre2.hpp">
      <Filter>Header Files</Filter>
    </ClInclude>
    <ClInclude Include="..\shared\include\pcre2.h">
      <Filter>Header Files</Filter>
    </ClInclude>
    <ClInclude Include="..\shared\DemoReader.h">
      <Filter>Header Files</Filter>
    </ClInclude>
    <ClInclude Include="..\shared\include\ini.h">
      <Filter>Header Files</Filter>
    </ClInclude>
    <ClInclude Include="..\DemoCutter\anims.h">
      <Filter>Header Files</Filter>
    </ClInclude>
    <ClInclude Include="..\DemoCutter\animsStanceMappings.h">
      <Filter>Header Files</Filter>
    </ClInclude>
    <ClInclude Include="..\shared\DemoReaderLight.h">
      <Filter>Header Files</Filter>
    </ClInclude>
    <ClInclude Include="..\DemoCutter\jkaStuff.h">
      <Filter>Header Files</Filter>
    </ClInclude>
    <ClInclude Include="..\shared\zlib\crc32.h">
      <Filter>Common\zlib</Filter>
    </ClInclude>
    <ClInclude Include="..\shared\zlib\deflate.h">
      <Filter>Common\zlib</Filter>
    </ClInclude>
    <ClInclude Include="..\shared\zlib\gzguts.h">
      <Filter>Common\zlib</Filter>
    </ClInclude>
    <ClInclude Include="..\shared\zlib\inffast.h">
      <Filter>Common\zlib</Filter>
    </ClInclude>
    <ClInclude Include="..\shared\zlib\inffixed.h">
      <Filter>Common\zlib</Filter>
    </ClInclude>
    <ClInclude Include="..\shared\zlib\inflate.h">
      <Filter>Common\zlib</Filter>
    </ClInclude>
    <ClInclude Include="..\shared\zlib\inftrees.h">
      <Filter>Common\zlib</Filter>
    </ClInclude>
    <ClInclude Include="..\shared\zlib\ioapi.h">
      <Filter>Common\zlib</Filter>
    </ClInclude>
    <ClInclude Include="..\shared\zlib\trees.h">
      <Filter>Common\zlib</Filter>
    </ClInclude>
    <ClInclude Include="..\shared\zlib\zconf.h">
      <Filter>Common\zlib</Filter>
    </ClInclude>
    <ClInclude Include="..\shared\zlib\zlib.h">
      <Filter>Common\zlib</Filter>
    </ClInclude>
    <ClInclude Include="..\shared\zlib\zutil.h">
      <Filter>Common\zlib</Filter>
    </ClInclude>
    <ClInclude Include="..\shared\pocketlzma\lzma_c.hpp">
      <Filter>Common</Filter>
    </ClInclude>
  </ItemGroup>
</Project>